
Microsoft Visual Studio Solution File, Format Version 12.00
# Visual Studio Version 17
VisualStudioVersion = 17.11.35208.52
MinimumVisualStudioVersion = 10.0.40219.1
Project("{FAE04EC0-301F-11D3-BF4B-00C04F79EFBC}") = "MamyApp", "MamyApp\MamyApp.csproj", "{5759335A-260C-4516-BA30-9BC21DBAF276}"
EndProject
Project("{FAE04EC0-301F-11D3-BF4B-00C04F79EFBC}") = "MamyApp.Core", "MamyApp.Core\MamyApp.Core.csproj", "{DA790293-E75D-4D35-BE5A-2526D7EAE6A4}"
EndProject
Project("{FAE04EC0-301F-11D3-BF4B-00C04F79EFBC}") = "MamyApp.Infrastructure", "MamyApp.Infrastructure\MamyApp.Infrastructure.csproj", "{EBF31225-68B6-4C38-A63D-7E47C3119F2C}"
EndProject
Project("{FAE04EC0-301F-11D3-BF4B-00C04F79EFBC}") = "MamyApp.API", "MamyApp.API\MamyApp.API.csproj", "{070842B7-6D21-4CDF-8484-6A85E99F064C}"
EndProject
Project("{FAE04EC0-301F-11D3-BF4B-00C04F79EFBC}") = "MamyApp.Tests", "MamyApp.Tests\MamyApp.Tests.csproj", "{2EC9EB9B-3342-402B-AF37-CEFC8532AD77}"
EndProject
Project("{FAE04EC0-301F-11D3-BF4B-00C04F79EFBC}") = "MamyApp.Web", "MamyApp.Web\MamyApp.Web.csproj", "{7F65831D-35A8-4B39-AFD4-0F5B1D401508}"
EndProject
Project("{FAE04EC0-301F-11D3-BF4B-00C04F79EFBC}") = "MamyApp.SignalR", "MamyApp.SignalR\MamyApp.SignalR.csproj", "{D10759D7-AA04-41C2-AA7D-CCB140CFA983}"
EndProject
Project("{FAE04EC0-301F-11D3-BF4B-00C04F79EFBC}") = "MamyApp.Redis", "MamyApp.Redis\MamyApp.Redis.csproj", "{238E966A-6C18-480B-9D8A-C86F47D0D9BE}"
EndProject
Project("{FAE04EC0-301F-11D3-BF4B-00C04F79EFBC}") = "MamyApp.MessageQueue", "MamyApp.MessageQueue\MamyApp.MessageQueue.csproj", "{FBDDCC34-73AB-412D-A2DE-B663BE00D593}"
EndProject
Project("{FAE04EC0-301F-11D3-BF4B-00C04F79EFBC}") = "MamyApp.Identity", "MamyApp.Identity\MamyApp.Identity.csproj", "{5AADF669-0AD2-4C72-9609-31705F2D9776}"
EndProject
Project("{FAE04EC0-301F-11D3-BF4B-00C04F79EFBC}") = "MamyApp.Logging", "MamyApp.Logging\MamyApp.Logging.csproj", "{EE06C7A8-7AED-448C-B63F-AA0FFDC703E2}"
EndProject
Global
	GlobalSection(SolutionConfigurationPlatforms) = preSolution
		Debug|Any CPU = Debug|Any CPU
		Release|Any CPU = Release|Any CPU
	EndGlobalSection
	GlobalSection(ProjectConfigurationPlatforms) = postSolution
		{5759335A-260C-4516-BA30-9BC21DBAF276}.Debug|Any CPU.ActiveCfg = Debug|Any CPU
		{5759335A-260C-4516-BA30-9BC21DBAF276}.Debug|Any CPU.Build.0 = Debug|Any CPU
		{5759335A-260C-4516-BA30-9BC21DBAF276}.Release|Any CPU.ActiveCfg = Release|Any CPU
		{5759335A-260C-4516-BA30-9BC21DBAF276}.Release|Any CPU.Build.0 = Release|Any CPU
		{DA790293-E75D-4D35-BE5A-2526D7EAE6A4}.Debug|Any CPU.ActiveCfg = Debug|Any CPU
		{DA790293-E75D-4D35-BE5A-2526D7EAE6A4}.Debug|Any CPU.Build.0 = Debug|Any CPU
		{DA790293-E75D-4D35-BE5A-2526D7EAE6A4}.Release|Any CPU.ActiveCfg = Release|Any CPU
		{DA790293-E75D-4D35-BE5A-2526D7EAE6A4}.Release|Any CPU.Build.0 = Release|Any CPU
		{EBF31225-68B6-4C38-A63D-7E47C3119F2C}.Debug|Any CPU.ActiveCfg = Debug|Any CPU
		{EBF31225-68B6-4C38-A63D-7E47C3119F2C}.Debug|Any CPU.Build.0 = Debug|Any CPU
		{EBF31225-68B6-4C38-A63D-7E47C3119F2C}.Release|Any CPU.ActiveCfg = Release|Any CPU
		{EBF31225-68B6-4C38-A63D-7E47C3119F2C}.Release|Any CPU.Build.0 = Release|Any CPU
		{070842B7-6D21-4CDF-8484-6A85E99F064C}.Debug|Any CPU.ActiveCfg = Debug|Any CPU
		{070842B7-6D21-4CDF-8484-6A85E99F064C}.Debug|Any CPU.Build.0 = Debug|Any CPU
		{070842B7-6D21-4CDF-8484-6A85E99F064C}.Release|Any CPU.ActiveCfg = Release|Any CPU
		{070842B7-6D21-4CDF-8484-6A85E99F064C}.Release|Any CPU.Build.0 = Release|Any CPU
		{2EC9EB9B-3342-402B-AF37-CEFC8532AD77}.Debug|Any CPU.ActiveCfg = Debug|Any CPU
		{2EC9EB9B-3342-402B-AF37-CEFC8532AD77}.Debug|Any CPU.Build.0 = Debug|Any CPU
		{2EC9EB9B-3342-402B-AF37-CEFC8532AD77}.Release|Any CPU.ActiveCfg = Release|Any CPU
		{2EC9EB9B-3342-402B-AF37-CEFC8532AD77}.Release|Any CPU.Build.0 = Release|Any CPU
		{7F65831D-35A8-4B39-AFD4-0F5B1D401508}.Debug|Any CPU.ActiveCfg = Debug|Any CPU
		{7F65831D-35A8-4B39-AFD4-0F5B1D401508}.Debug|Any CPU.Build.0 = Debug|Any CPU
		{7F65831D-35A8-4B39-AFD4-0F5B1D401508}.Release|Any CPU.ActiveCfg = Release|Any CPU
		{7F65831D-35A8-4B39-AFD4-0F5B1D401508}.Release|Any CPU.Build.0 = Release|Any CPU
		{D10759D7-AA04-41C2-AA7D-CCB140CFA983}.Debug|Any CPU.ActiveCfg = Debug|Any CPU
		{D10759D7-AA04-41C2-AA7D-CCB140CFA983}.Debug|Any CPU.Build.0 = Debug|Any CPU
		{D10759D7-AA04-41C2-AA7D-CCB140CFA983}.Release|Any CPU.ActiveCfg = Release|Any CPU
		{D10759D7-AA04-41C2-AA7D-CCB140CFA983}.Release|Any CPU.Build.0 = Release|Any CPU
		{238E966A-6C18-480B-9D8A-C86F47D0D9BE}.Debug|Any CPU.ActiveCfg = Debug|Any CPU
		{238E966A-6C18-480B-9D8A-C86F47D0D9BE}.Debug|Any CPU.Build.0 = Debug|Any CPU
		{238E966A-6C18-480B-9D8A-C86F47D0D9BE}.Release|Any CPU.ActiveCfg = Release|Any CPU
		{238E966A-6C18-480B-9D8A-C86F47D0D9BE}.Release|Any CPU.Build.0 = Release|Any CPU
		{FBDDCC34-73AB-412D-A2DE-B663BE00D593}.Debug|Any CPU.ActiveCfg = Debug|Any CPU
		{FBDDCC34-73AB-412D-A2DE-B663BE00D593}.Debug|Any CPU.Build.0 = Debug|Any CPU
		{FBDDCC34-73AB-412D-A2DE-B663BE00D593}.Release|Any CPU.ActiveCfg = Release|Any CPU
		{FBDDCC34-73AB-412D-A2DE-B663BE00D593}.Release|Any CPU.Build.0 = Release|Any CPU
		{5AADF669-0AD2-4C72-9609-31705F2D9776}.Debug|Any CPU.ActiveCfg = Debug|Any CPU
		{5AADF669-0AD2-4C72-9609-31705F2D9776}.Debug|Any CPU.Build.0 = Debug|Any CPU
		{5AADF669-0AD2-4C72-9609-31705F2D9776}.Release|Any CPU.ActiveCfg = Release|Any CPU
		{5AADF669-0AD2-4C72-9609-31705F2D9776}.Release|Any CPU.Build.0 = Release|Any CPU
		{EE06C7A8-7AED-448C-B63F-AA0FFDC703E2}.Debug|Any CPU.ActiveCfg = Debug|Any CPU
		{EE06C7A8-7AED-448C-B63F-AA0FFDC703E2}.Debug|Any CPU.Build.0 = Debug|Any CPU
		{EE06C7A8-7AED-448C-B63F-AA0FFDC703E2}.Release|Any CPU.ActiveCfg = Release|Any CPU
		{EE06C7A8-7AED-448C-B63F-AA0FFDC703E2}.Release|Any CPU.Build.0 = Release|Any CPU
	EndGlobalSection
	GlobalSection(SolutionProperties) = preSolution
		HideSolutionNode = FALSE
	EndGlobalSection
	GlobalSection(ExtensibilityGlobals) = postSolution
		SolutionGuid = {CEA830BC-AB39-479F-9B7F-D135E6AFA1C8}
	EndGlobalSection
EndGlobal
